// !$*UTF8*$!
{
	archiveVersion = 1;
	classes = {
	};
	objectVersion = 46;
	objects = {

/* Begin PBXBuildFile section */
		4565E7A01C08BAE500DB219F /* main.m in Sources */ = {isa = PBXBuildFile; fileRef = 4565E79F1C08BAE500DB219F /* main.m */; };
		4565E7A31C08BAE500DB219F /* AppDelegate.m in Sources */ = {isa = PBXBuildFile; fileRef = 4565E7A21C08BAE500DB219F /* AppDelegate.m */; };
		4565E7A61C08BAE500DB219F /* ViewController.m in Sources */ = {isa = PBXBuildFile; fileRef = 4565E7A51C08BAE500DB219F /* ViewController.m */; };
		4565E7AB1C08BAE500DB219F /* Images.xcassets in Resources */ = {isa = PBXBuildFile; fileRef = 4565E7AA1C08BAE500DB219F /* Images.xcassets */; };
		4565E7BA1C08BAE500DB219F /* ___Tests.m in Sources */ = {isa = PBXBuildFile; fileRef = 4565E7B91C08BAE500DB219F /* ___Tests.m */; };
		4565E7C61C08BBF900DB219F /* HU_CountDown.m in Sources */ = {isa = PBXBuildFile; fileRef = 4565E7C51C08BBF900DB219F /* HU_CountDown.m */; };
/* End PBXBuildFile section */

/* Begin PBXContainerItemProxy section */
		4565E7B41C08BAE500DB219F /* PBXContainerItemProxy */ = {
			isa = PBXContainerItemProxy;
			containerPortal = 4565E7921C08BAE500DB219F /* Project object */;
			proxyType = 1;
			remoteGlobalIDString = 4565E7991C08BAE500DB219F;
			remoteInfo = "倒计时";
		};
/* End PBXContainerItemProxy section */

/* Begin PBXFileReference section */
		4565E79A1C08BAE500DB219F /* 倒计时.app */ = {isa = PBXFileReference; explicitFileType = wrapper.application; includeInIndex = 0; path = "倒计时.app"; sourceTree = BUILT_PRODUCTS_DIR; };
		4565E79E1C08BAE500DB219F /* Info.plist */ = {isa = PBXFileReference; lastKnownFileType = text.plist.xml; path = Info.plist; sourceTree = "<group>"; };
		4565E79F1C08BAE500DB219F /* main.m */ = {isa = PBXFileReference; lastKnownFileType = sourcecode.c.objc; path = main.m; sourceTree = "<group>"; };
		4565E7A11C08BAE500DB219F /* AppDelegate.h */ = {isa = PBXFileReference; lastKnownFileType = sourcecode.c.h; path = AppDelegate.h; sourceTree = "<group>"; };
		4565E7A21C08BAE500DB219F /* AppDelegate.m */ = {isa = PBXFileReference; lastKnownFileType = sourcecode.c.objc; path = AppDelegate.m; sourceTree = "<group>"; };
		4565E7A41C08BAE500DB219F /* ViewController.h */ = {isa = PBXFileReference; lastKnownFileType = sourcecode.c.h; path = ViewController.h; sourceTree = "<group>"; };
		4565E7A51C08BAE500DB219F /* ViewController.m */ = {isa = PBXFileReference; lastKnownFileType = sourcecode.c.objc; path = ViewController.m; sourceTree = "<group>"; };
		4565E7AA1C08BAE500DB219F /* Images.xcassets */ = {isa = PBXFileReference; lastKnownFileType = folder.assetcatalog; path = Images.xcassets; sourceTree = "<group>"; };
		4565E7B31C08BAE500DB219F /* 倒计时Tests.xctest */ = {isa = PBXFileReference; explicitFileType = wrapper.cfbundle; includeInIndex = 0; path = "倒计时Tests.xctest"; sourceTree = BUILT_PRODUCTS_DIR; };
		4565E7B81C08BAE500DB219F /* Info.plist */ = {isa = PBXFileReference; lastKnownFileType = text.plist.xml; path = Info.plist; sourceTree = "<group>"; };
		4565E7B91C08BAE500DB219F /* ___Tests.m */ = {isa = PBXFileReference; lastKnownFileType = sourcecode.c.objc; path = "___Tests.m"; sourceTree = "<group>"; };
		4565E7C41C08BBF900DB219F /* HU_CountDown.h */ = {isa = PBXFileReference; fileEncoding = 4; lastKnownFileType = sourcecode.c.h; path = HU_CountDown.h; sourceTree = "<group>"; };
		4565E7C51C08BBF900DB219F /* HU_CountDown.m */ = {isa = PBXFileReference; fileEncoding = 4; lastKnownFileType = sourcecode.c.objc; path = HU_CountDown.m; sourceTree = "<group>"; };
/* End PBXFileReference section */

/* Begin PBXFrameworksBuildPhase section */
		4565E7971C08BAE500DB219F /* Frameworks */ = {
			isa = PBXFrameworksBuildPhase;
			buildActionMask = 2147483647;
			files = (
			);
			runOnlyForDeploymentPostprocessing = 0;
		};
		4565E7B01C08BAE500DB219F /* Frameworks */ = {
			isa = PBXFrameworksBuildPhase;
			buildActionMask = 2147483647;
			files = (
			);
			runOnlyForDeploymentPostprocessing = 0;
		};
/* End PBXFrameworksBuildPhase section */

/* Begin PBXGroup section */
		4565E7911C08BAE500DB219F = {
			isa = PBXGroup;
			children = (
				4565E79C1C08BAE500DB219F /* 倒计时 */,
				4565E7B61C08BAE500DB219F /* 倒计时Tests */,
				4565E79B1C08BAE500DB219F /* Products */,
			);
			sourceTree = "<group>";
		};
		4565E79B1C08BAE500DB219F /* Products */ = {
			isa = PBXGroup;
			children = (
				4565E79A1C08BAE500DB219F /* 倒计时.app */,
				4565E7B31C08BAE500DB219F /* 倒计时Tests.xctest */,
			);
			name = Products;
			sourceTree = "<group>";
		};
		4565E79C1C08BAE500DB219F /* 倒计时 */ = {
			isa = PBXGroup;
			children = (
				4565E7A11C08BAE500DB219F /* AppDelegate.h */,
				4565E7A21C08BAE500DB219F /* AppDelegate.m */,
				4565E7A41C08BAE500DB219F /* ViewController.h */,
				4565E7A51C08BAE500DB219F /* ViewController.m */,
				4565E7C31C08BBAC00DB219F /* 倒计时 */,
				4565E7AA1C08BAE500DB219F /* Images.xcassets */,
				4565E79D1C08BAE500DB219F /* Supporting Files */,
			);
			path = "倒计时";
			sourceTree = "<group>";
		};
		4565E79D1C08BAE500DB219F /* Supporting Files */ = {
			isa = PBXGroup;
			children = (
				4565E79E1C08BAE500DB219F /* Info.plist */,
				4565E79F1C08BAE500DB219F /* main.m */,
			);
			name = "Supporting Files";
			sourceTree = "<group>";
		};
		4565E7B61C08BAE500DB219F /* 倒计时Tests */ = {
			isa = PBXGroup;
			children = (
				4565E7B91C08BAE500DB219F /* ___Tests.m */,
				4565E7B71C08BAE500DB219F /* Supporting Files */,
			);
			path = "倒计时Tests";
			sourceTree = "<group>";
		};
		4565E7B71C08BAE500DB219F /* Supporting Files */ = {
			isa = PBXGroup;
			children = (
				4565E7B81C08BAE500DB219F /* Info.plist */,
			);
			name = "Supporting Files";
			sourceTree = "<group>";
		};
		4565E7C31C08BBAC00DB219F /* 倒计时 */ = {
			isa = PBXGroup;
			children = (
				4565E7C41C08BBF900DB219F /* HU_CountDown.h */,
				4565E7C51C08BBF900DB219F /* HU_CountDown.m */,
			);
			name = "倒计时";
			sourceTree = "<group>";
		};
/* End PBXGroup section */

/* Begin PBXNativeTarget section */
		4565E7991C08BAE500DB219F /* 倒计时 */ = {
			isa = PBXNativeTarget;
			buildConfigurationList = 4565E7BD1C08BAE500DB219F /* Build configuration list for PBXNativeTarget "倒计时" */;
			buildPhases = (
				4565E7961C08BAE500DB219F /* Sources */,
				4565E7971C08BAE500DB219F /* Frameworks */,
				4565E7981C08BAE500DB219F /* Resources */,
			);
			buildRules = (
			);
			dependencies = (
			);
			name = "倒计时";
			productName = "倒计时";
			productReference = 4565E79A1C08BAE500DB219F /* 倒计时.app */;
			productType = "com.apple.product-type.application";
		};
		4565E7B21C08BAE500DB219F /* 倒计时Tests */ = {
			isa = PBXNativeTarget;
			buildConfigurationList = 4565E7C01C08BAE500DB219F /* Build configuration list for PBXNativeTarget "倒计时Tests" */;
			buildPhases = (
				4565E7AF1C08BAE500DB219F /* Sources */,
				4565E7B01C08BAE500DB219F /* Frameworks */,
				4565E7B11C08BAE500DB219F /* Resources */,
			);
			buildRules = (
			);
			dependencies = (
				4565E7B51C08BAE500DB219F /* PBXTargetDependency */,
			);
			name = "倒计时Tests";
			productName = "倒计时Tests";
			productReference = 4565E7B31C08BAE500DB219F /* 倒计时Tests.xctest */;
			productType = "com.apple.product-type.bundle.unit-test";
		};
/* End PBXNativeTarget section */

/* Begin PBXProject section */
		4565E7921C08BAE500DB219F /* Project object */ = {
			isa = PBXProject;
			attributes = {
				LastUpgradeCheck = 0640;
				ORGANIZATIONNAME = huhang;
				TargetAttributes = {
					4565E7991C08BAE500DB219F = {
						CreatedOnToolsVersion = 6.4;
					};
					4565E7B21C08BAE500DB219F = {
						CreatedOnToolsVersion = 6.4;
						TestTargetID = 4565E7991C08BAE500DB219F;
					};
				};
			};
			buildConfigurationList = 4565E7951C08BAE500DB219F /* Build configuration list for PBXProject "倒计时" */;
			compatibilityVersion = "Xcode 3.2";
			developmentRegion = English;
			hasScannedForEncodings = 0;
			knownRegions = (
				en,
				Base,
			);
			mainGroup = 4565E7911C08BAE500DB219F;
			productRefGroup = 4565E79B1C08BAE500DB219F /* Products */;
			projectDirPath = "";
			projectRoot = "";
			targets = (
				4565E7991C08BAE500DB219F /* 倒计时 */,
				4565E7B21C08BAE500DB219F /* 倒计时Tests */,
			);
		};
/* End PBXProject section */

/* Begin PBXResourcesBuildPhase section */
		4565E7981C08BAE500DB219F /* Resources */ = {
			isa = PBXResourcesBuildPhase;
			buildActionMask = 2147483647;
			files = (
				4565E7AB1C08BAE500DB219F /* Images.xcassets in Resources */,
			);
			runOnlyForDeploymentPostprocessing = 0;
		};
		4565E7B11C08BAE500DB219F /* Resources */ = {
			isa = PBXResourcesBuildPhase;
			buildActionMask = 2147483647;
			files = (
			);
			runOnlyForDeploymentPostprocessing = 0;
		};
/* End PBXResourcesBuildPhase section */

/* Begin PBXSourcesBuildPhase section */
		4565E7961C08BAE500DB219F /* Sources */ = {
			isa = PBXSourcesBuildPhase;
			buildActionMask = 2147483647;
			files = (
				4565E7A61C08BAE500DB219F /* ViewController.m in Sources */,
				4565E7A31C08BAE500DB219F /* AppDelegate.m in Sources */,
				4565E7C61C08BBF900DB219F /* HU_CountDown.m in Sources */,
				4565E7A01C08BAE500DB219F /* main.m in Sources */,
			);
			runOnlyForDeploymentPostprocessing = 0;
		};
		4565E7AF1C08BAE500DB219F /* Sources */ = {
			isa = PBXSourcesBuildPhase;
			buildActionMask = 2147483647;
			files = (
				4565E7BA1C08BAE500DB219F /* ___Tests.m in Sources */,
			);
			runOnlyForDeploymentPostprocessing = 0;
		};
/* End PBXSourcesBuildPhase section */

/* Begin PBXTargetDependency section */
		4565E7B51C08BAE500DB219F /* PBXTargetDependency */ = {
			isa = PBXTargetDependency;
			target = 4565E7991C08BAE500DB219F /* 倒计时 */;
			targetProxy = 4565E7B41C08BAE500DB219F /* PBXContainerItemProxy */;
		};
/* End PBXTargetDependency section */

/* Begin XCBuildConfiguration section */
		4565E7BB1C08BAE500DB219F /* Debug */ = {
			isa = XCBuildConfiguration;
			buildSettings = {
				ALWAYS_SEARCH_USER_PATHS = NO;
				CLANG_CXX_LANGUAGE_STANDARD = "gnu++0x";
				CLANG_CXX_LIBRARY = "libc++";
				CLANG_ENABLE_MODULES = YES;
				CLANG_ENABLE_OBJC_ARC = YES;
				CLANG_WARN_BOOL_CONVERSION = YES;
				CLANG_WARN_CONSTANT_CONVERSION = YES;
				CLANG_WARN_DIRECT_OBJC_ISA_USAGE = YES_ERROR;
				CLANG_WARN_EMPTY_BODY = YES;
				CLANG_WARN_ENUM_CONVERSION = YES;
				CLANG_WARN_INT_CONVERSION = YES;
				CLANG_WARN_OBJC_ROOT_CLASS = YES_ERROR;
				CLANG_WARN_UNREACHABLE_CODE = YES;
				CLANG_WARN__DUPLICATE_METHOD_MATCH = YES;
				"CODE_SIGN_IDENTITY[sdk=iphoneos*]" = "iPhone Developer";
				COPY_PHASE_STRIP = NO;
				DEBUG_INFORMATION_FORMAT = "dwarf-with-dsym";
				ENABLE_STRICT_OBJC_MSGSEND = YES;
				GCC_C_LANGUAGE_STANDARD = gnu99;
				GCC_DYNAMIC_NO_PIC = NO;
				GCC_NO_COMMON_BLOCKS = YES;
				GCC_OPTIMIZATION_LEVEL = 0;
				GCC_PREPROCESSOR_DEFINITIONS = (
					"DEBUG=1",
					"$(inherited)",
				);
				GCC_SYMBOLS_PRIVATE_EXTERN = NO;
				GCC_WARN_64_TO_32_BIT_CONVERSION = YES;
				GCC_WARN_ABOUT_RETURN_TYPE = YES_ERROR;
				GCC_WARN_UNDECLARED_SELECTOR = YES;
				GCC_WARN_UNINITIALIZED_AUTOS = YES_AGGRESSIVE;
				GCC_WARN_UNUSED_FUNCTION = YES;
				GCC_WARN_UNUSED_VARIABLE = YES;
				IPHONEOS_DEPLOYMENT_TARGET = 8.4;
				MTL_ENABLE_DEBUG_INFO = YES;
				ONLY_ACTIVE_ARCH = YES;
				SDKROOT = iphoneos;
			};
			name = Debug;
		};
		4565E7BC1C08BAE500DB219F /* Release */ = {
			isa = XCBuildConfiguration;
			buildSettings = {
				ALWAYS_SEARCH_USER_PATHS = NO;
				CLANG_CXX_LANGUAGE_STANDARD = "gnu++0x";
				CLANG_CXX_LIBRARY = "libc++";
				CLANG_ENABLE_MODULES = YES;
				CLANG_ENABLE_OBJC_ARC = YES;
				CLANG_WARN_BOOL_CONVERSION = YES;
				CLANG_WARN_CONSTANT_CONVERSION = YES;
				CLANG_WARN_DIRECT_OBJC_ISA_USAGE = YES_ERROR;
				CLANG_WARN_EMPTY_BODY = YES;
				CLANG_WARN_ENUM_CONVERSION = YES;
				CLANG_WARN_INT_CONVERSION = YES;
				CLANG_WARN_OBJC_ROOT_CLASS = YES_ERROR;
				CLANG_WARN_UNREACHABLE_CODE = YES;
				CLANG_WARN__DUPLICATE_METHOD_MATCH = YES;
				"CODE_SIGN_IDENTITY[sdk=iphoneos*]" = "iPhone Developer";
				COPY_PHASE_STRIP = NO;
				DEBUG_INFORMATION_FORMAT = "dwarf-with-dsym";
				ENABLE_NS_ASSERTIONS = NO;
				ENABLE_STRICT_OBJC_MSGSEND = YES;
				GCC_C_LANGUAGE_STANDARD = gnu99;
				GCC_NO_COMMON_BLOCKS = YES;
				GCC_WARN_64_TO_32_BIT_CONVERSION = YES;
				GCC_WARN_ABOUT_RETURN_TYPE = YES_ERROR;
				GCC_WARN_UNDECLARED_SELECTOR = YES;
				GCC_WARN_UNINITIALIZED_AUTOS = YES_AGGRESSIVE;
				GCC_WARN_UNUSED_FUNCTION = YES;
				GCC_WARN_UNUSED_VARIABLE = YES;
				IPHONEOS_DEPLOYMENT_TARGET = 8.4;
				MTL_ENABLE_DEBUG_INFO = NO;
				SDKROOT = iphoneos;
				VALIDATE_PRODUCT = YES;
			};
			name = Release;
		};
		4565E7BE1C08BAE500DB219F /* Debug */ = {
			isa = XCBuildConfiguration;
			buildSettings = {
				ASSETCATALOG_COMPILER_APPICON_NAME = AppIcon;
				ASSETCATALOG_COMPILER_LAUNCHIMAGE_NAME = LaunchImage;
				INFOPLIST_FILE = "倒计时/Info.plist";
				IPHONEOS_DEPLOYMENT_TARGET = 7.0;
				LD_RUNPATH_SEARCH_PATHS = "$(inherited) @executable_path/Frameworks";
				PRODUCT_NAME = "$(TARGET_NAME)";
			};
			name = Debug;
		};
		4565E7BF1C08BAE500DB219F /* Release */ = {
			isa = XCBuildConfiguration;
			buildSettings = {
				ASSETCATALOG_COMPILER_APPICON_NAME = AppIcon;
				ASSETCATALOG_COMPILER_LAUNCHIMAGE_NAME = LaunchImage;
				INFOPLIST_FILE = "倒计时/Info.plist";
				IPHONEOS_DEPLOYMENT_TARGET = 7.0;
				LD_RUNPATH_SEARCH_PATHS = "$(inherited) @executable_path/Frameworks";
				PRODUCT_NAME = "$(TARGET_NAME)";
			};
			name = Release;
		};
		4565E7C11C08BAE500DB219F /* Debug */ = {
			isa = XCBuildConfiguration;
			buildSettings = {
				BUNDLE_LOADER = "$(TEST_HOST)";
				FRAMEWORK_SEARCH_PATHS = (
					"$(SDKROOT)/Developer/Library/Frameworks",
					"$(inherited)",
				);
				GCC_PREPROCESSOR_DEFINITIONS = (
					"DEBUG=1",
					"$(inherited)",
				);
				INFOPLIST_FILE = "倒计时Tests/Info.plist";
				LD_RUNPATH_SEARCH_PATHS = "$(inherited) @executable_path/Frameworks @loader_path/Frameworks";
				PRODUCT_NAME = "$(TARGET_NAME)";
				TEST_HOST = "$(BUILT_PRODUCTS_DIR)/倒计时.app/倒计时";
			};
			name = Debug;
		};
		4565E7C21C08BAE500DB219F /* Release */ = {
			isa = XCBuildConfiguration;
			buildSettings = {
				BUNDLE_LOADER = "$(TEST_HOST)";
				FRAMEWORK_SEARCH_PATHS = (
					"$(SDKROOT)/Developer/Library/Frameworks",
					"$(inherited)",
				);
				INFOPLIST_FILE = "倒计时Tests/Info.plist";
				LD_RUNPATH_SEARCH_PATHS = "$(inherited) @executable_path/Frameworks @loader_path/Frameworks";
				PRODUCT_NAME = "$(TARGET_NAME)";
				TEST_HOST = "$(BUILT_PRODUCTS_DIR)/倒计时.app/倒计时";
			};
			name = Release;
		};
/* End XCBuildConfiguration section */

/* Begin XCConfigurationList section */
		4565E7951C08BAE500DB219F /* Build configuration list for PBXProject "倒计时" */ = {
			isa = XCConfigurationList;
			buildConfigurations = (
				4565E7BB1C08BAE500DB219F /* Debug */,
				4565E7BC1C08BAE500DB219F /* Release */,
			);
			defaultConfigurationIsVisible = 0;
			defaultConfigurationName = Release;
		};
		4565E7BD1C08BAE500DB219F /* Build configuration list for PBXNativeTarget "倒计时" */ = {
			isa = XCConfigurationList;
			buildConfigurations = (
				4565E7BE1C08BAE500DB219F /* Debug */,
				4565E7BF1C08BAE500DB219F /* Release */,
			);
			defaultConfigurationIsVisible = 0;
			defaultConfigurationName = Release;
		};
		4565E7C01C08BAE500DB219F /* Build configuration list for PBXNativeTarget "倒计时Tests" */ = {
			isa = XCConfigurationList;
			buildConfigurations = (
				4565E7C11C08BAE500DB219F /* Debug */,
				4565E7C21C08BAE500DB219F /* Release */,
			);
			defaultConfigurationIsVisible = 0;
			defaultConfigurationName = Release;
		};
/* End XCConfigurationList section */
	};
	rootObject = 4565E7921C08BAE500DB219F /* Project object */;
}
